
Microsoft Visual Studio Solution File, Format Version 12.00
# Visual Studio Version 17
VisualStudioVersion = 17.3.32929.385
MinimumVisualStudioVersion = 10.0.40219.1
Project("{9A19103F-16F7-4668-BE54-9A1E7A4F7556}") = "OsuPrune", "OsuPrune.csproj", "{12F4AF6C-6043-4A4D-8775-AD4D7FA939A4}"
EndProject
Project("{9A19103F-16F7-4668-BE54-9A1E7A4F7556}") = "OsuPrune_UnitTest", "..\Osu_UnitTest\OsuPrune_UnitTest.csproj", "{CF5DCEFF-97DF-49EC-9852-2D8F2FE186BE}"
EndProject
Global
	GlobalSection(SolutionConfigurationPlatforms) = preSolution
		Debug|Any CPU = Debug|Any CPU
		Release|Any CPU = Release|Any CPU
	EndGlobalSection
	GlobalSection(ProjectConfigurationPlatforms) = postSolution
		{12F4AF6C-6043-4A4D-8775-AD4D7FA939A4}.Debug|Any CPU.ActiveCfg = Debug|Any CPU
		{12F4AF6C-6043-4A4D-8775-AD4D7FA939A4}.Debug|Any CPU.Build.0 = Debug|Any CPU
		{12F4AF6C-6043-4A4D-8775-AD4D7FA939A4}.Release|Any CPU.ActiveCfg = Release|Any CPU
		{12F4AF6C-6043-4A4D-8775-AD4D7FA939A4}.Release|Any CPU.Build.0 = Release|Any CPU
		{CF5DCEFF-97DF-49EC-9852-2D8F2FE186BE}.Debug|Any CPU.ActiveCfg = Debug|Any CPU
		{CF5DCEFF-97DF-49EC-9852-2D8F2FE186BE}.Debug|Any CPU.Build.0 = Debug|Any CPU
		{CF5DCEFF-97DF-49EC-9852-2D8F2FE186BE}.Release|Any CPU.ActiveCfg = Release|Any CPU
		{CF5DCEFF-97DF-49EC-9852-2D8F2FE186BE}.Release|Any CPU.Build.0 = Release|Any CPU
	EndGlobalSection
	GlobalSection(SolutionProperties) = preSolution
		HideSolutionNode = FALSE
	EndGlobalSection
	GlobalSection(ExtensibilityGlobals) = postSolution
		SolutionGuid = {5CA12916-125E-4374-8131-E399BE62D70E}
	EndGlobalSection
EndGlobal
